
Microsoft Visual Studio Solution File, Format Version 12.00
# Visual Studio Version 17
VisualStudioVersion = 17.5.002.0
MinimumVisualStudioVersion = 10.0.40219.1
Project("{2150E333-8FDC-42A3-9474-1A3956D46DE8}") = "csharp-prep", "csharp-prep", "{1586122D-416F-454B-BBB0-989FB80B9A02}"
EndProject
Project("{9A19103F-16F7-4668-BE54-9A1E7A4F7556}") = "Prep1", "csharp-prep\Prep1\Prep1.csproj", "{A7FF66BC-4200-45AE-B4B7-F62D65E04332}"
EndProject
Project("{9A19103F-16F7-4668-BE54-9A1E7A4F7556}") = "Prep2", "csharp-prep\Prep2\Prep2.csproj", "{79444F97-E2E7-4B61-ACEE-2B4A19178DC8}"
EndProject
Project("{9A19103F-16F7-4668-BE54-9A1E7A4F7556}") = "Prep3", "csharp-prep\Prep3\Prep3.csproj", "{1A978D30-0CC6-4E55-B083-253847D17580}"
EndProject
Project("{9A19103F-16F7-4668-BE54-9A1E7A4F7556}") = "Prep4", "csharp-prep\Prep4\Prep4.csproj", "{04F50FE8-0AAC-452A-A23D-0639D468CA45}"
EndProject
Project("{9A19103F-16F7-4668-BE54-9A1E7A4F7556}") = "Prep5", "csharp-prep\Prep5\Prep5.csproj", "{DABF80A0-3647-4C7D-8024-8BC783651719}"
EndProject
Project("{2150E333-8FDC-42A3-9474-1A3956D46DE8}") = "final", "final", "{C08C213E-4ACF-4DEB-838B-3AFE5CDD79BE}"
EndProject
Project("{9A19103F-16F7-4668-BE54-9A1E7A4F7556}") = "FinalProject", "final\FinalProject\FinalProject.csproj", "{FFE4B2C7-1624-43BC-8E43-95488E4B192D}"
EndProject
Project("{9A19103F-16F7-4668-BE54-9A1E7A4F7556}") = "Foundation1", "final\Foundation1\Foundation1.csproj", "{AA506EAF-A4FC-4D62-9B48-7C23B11B950B}"
EndProject
Project("{9A19103F-16F7-4668-BE54-9A1E7A4F7556}") = "Foundation2", "final\Foundation2\Foundation2.csproj", "{A12245C7-5E86-4445-A698-A1D4DD2E5962}"
EndProject
Project("{9A19103F-16F7-4668-BE54-9A1E7A4F7556}") = "Foundation3", "final\Foundation3\Foundation3.csproj", "{1DAD9272-DF9D-47A4-B5D3-C5A715D0D93D}"
EndProject
Project("{9A19103F-16F7-4668-BE54-9A1E7A4F7556}") = "Foundation4", "final\Foundation4\Foundation4.csproj", "{DE14B3ED-04C9-471D-A277-3E84402F5F3E}"
EndProject
Project("{2150E333-8FDC-42A3-9474-1A3956D46DE8}") = "prepare", "prepare", "{26BDD2BD-C757-4587-91D0-67FC30452491}"
EndProject
Project("{9A19103F-16F7-4668-BE54-9A1E7A4F7556}") = "Learning02", "prepare\Learning02\Learning02.csproj", "{48E97376-173A-4D12-88F4-3237283298E7}"
EndProject
Project("{9A19103F-16F7-4668-BE54-9A1E7A4F7556}") = "Learning03", "prepare\Learning03\Learning03.csproj", "{CBE84803-FE8A-49D4-9B58-F96BA407341A}"
EndProject
Project("{9A19103F-16F7-4668-BE54-9A1E7A4F7556}") = "Learning04", "prepare\Learning04\Learning04.csproj", "{FBAC0BA2-ED3B-4D22-9862-94770E49963B}"
EndProject
Project("{9A19103F-16F7-4668-BE54-9A1E7A4F7556}") = "Learning05", "prepare\Learning05\Learning05.csproj", "{1202C4E9-D32C-4606-9124-4461E927F9BC}"
EndProject
Project("{2150E333-8FDC-42A3-9474-1A3956D46DE8}") = "prove", "prove", "{39C462E3-34C2-4989-9251-EE8FBC1CCB8B}"
EndProject
Project("{9A19103F-16F7-4668-BE54-9A1E7A4F7556}") = "Develop02", "prove\Develop02\Develop02.csproj", "{DA047EC8-2DD6-47E4-831F-0724E1405CFF}"
EndProject
Project("{9A19103F-16F7-4668-BE54-9A1E7A4F7556}") = "Develop03", "prove\Develop03\Develop03.csproj", "{4336D0AC-2647-4493-8C4C-31AE67418826}"
EndProject
Project("{9A19103F-16F7-4668-BE54-9A1E7A4F7556}") = "Develop04", "prove\Develop04\Develop04.csproj", "{8AB5E00E-4F21-4228-9656-6DBE181345A0}"
EndProject
Project("{9A19103F-16F7-4668-BE54-9A1E7A4F7556}") = "Develop05", "prove\Develop05\Develop05.csproj", "{F019FC44-F352-415F-8B2A-1C9B8E103957}"
EndProject
Project("{2150E333-8FDC-42A3-9474-1A3956D46DE8}") = "sandbox", "sandbox", "{BE1FAA5A-366C-4581-B0E5-0D5D6EA7A15A}"
EndProject
Project("{9A19103F-16F7-4668-BE54-9A1E7A4F7556}") = "Sandbox", "sandbox\Sandbox\Sandbox.csproj", "{10228B3F-8A69-40C8-97BF-8E183FAE83DE}"
EndProject
Project("{FAE04EC0-301F-11D3-BF4B-00C04F79EFBC}") = "FinalProjectC", "FinalProjectC\FinalProjectC.csproj", "{EF1E251D-D0A8-4DCA-838A-35834D2B3610}"
EndProject
Global
	GlobalSection(SolutionConfigurationPlatforms) = preSolution
		Debug|Any CPU = Debug|Any CPU
		Release|Any CPU = Release|Any CPU
	EndGlobalSection
	GlobalSection(ProjectConfigurationPlatforms) = postSolution
		{A7FF66BC-4200-45AE-B4B7-F62D65E04332}.Debug|Any CPU.ActiveCfg = Debug|Any CPU
		{A7FF66BC-4200-45AE-B4B7-F62D65E04332}.Debug|Any CPU.Build.0 = Debug|Any CPU
		{A7FF66BC-4200-45AE-B4B7-F62D65E04332}.Release|Any CPU.ActiveCfg = Release|Any CPU
		{A7FF66BC-4200-45AE-B4B7-F62D65E04332}.Release|Any CPU.Build.0 = Release|Any CPU
		{79444F97-E2E7-4B61-ACEE-2B4A19178DC8}.Debug|Any CPU.ActiveCfg = Debug|Any CPU
		{79444F97-E2E7-4B61-ACEE-2B4A19178DC8}.Debug|Any CPU.Build.0 = Debug|Any CPU
		{79444F97-E2E7-4B61-ACEE-2B4A19178DC8}.Release|Any CPU.ActiveCfg = Release|Any CPU
		{79444F97-E2E7-4B61-ACEE-2B4A19178DC8}.Release|Any CPU.Build.0 = Release|Any CPU
		{1A978D30-0CC6-4E55-B083-253847D17580}.Debug|Any CPU.ActiveCfg = Debug|Any CPU
		{1A978D30-0CC6-4E55-B083-253847D17580}.Debug|Any CPU.Build.0 = Debug|Any CPU
		{1A978D30-0CC6-4E55-B083-253847D17580}.Release|Any CPU.ActiveCfg = Release|Any CPU
		{1A978D30-0CC6-4E55-B083-253847D17580}.Release|Any CPU.Build.0 = Release|Any CPU
		{04F50FE8-0AAC-452A-A23D-0639D468CA45}.Debug|Any CPU.ActiveCfg = Debug|Any CPU
		{04F50FE8-0AAC-452A-A23D-0639D468CA45}.Debug|Any CPU.Build.0 = Debug|Any CPU
		{04F50FE8-0AAC-452A-A23D-0639D468CA45}.Release|Any CPU.ActiveCfg = Release|Any CPU
		{04F50FE8-0AAC-452A-A23D-0639D468CA45}.Release|Any CPU.Build.0 = Release|Any CPU
		{DABF80A0-3647-4C7D-8024-8BC783651719}.Debug|Any CPU.ActiveCfg = Debug|Any CPU
		{DABF80A0-3647-4C7D-8024-8BC783651719}.Debug|Any CPU.Build.0 = Debug|Any CPU
		{DABF80A0-3647-4C7D-8024-8BC783651719}.Release|Any CPU.ActiveCfg = Release|Any CPU
		{DABF80A0-3647-4C7D-8024-8BC783651719}.Release|Any CPU.Build.0 = Release|Any CPU
		{FFE4B2C7-1624-43BC-8E43-95488E4B192D}.Debug|Any CPU.ActiveCfg = Debug|Any CPU
		{FFE4B2C7-1624-43BC-8E43-95488E4B192D}.Debug|Any CPU.Build.0 = Debug|Any CPU
		{FFE4B2C7-1624-43BC-8E43-95488E4B192D}.Release|Any CPU.ActiveCfg = Release|Any CPU
		{FFE4B2C7-1624-43BC-8E43-95488E4B192D}.Release|Any CPU.Build.0 = Release|Any CPU
		{AA506EAF-A4FC-4D62-9B48-7C23B11B950B}.Debug|Any CPU.ActiveCfg = Debug|Any CPU
		{AA506EAF-A4FC-4D62-9B48-7C23B11B950B}.Debug|Any CPU.Build.0 = Debug|Any CPU
		{AA506EAF-A4FC-4D62-9B48-7C23B11B950B}.Release|Any CPU.ActiveCfg = Release|Any CPU
		{AA506EAF-A4FC-4D62-9B48-7C23B11B950B}.Release|Any CPU.Build.0 = Release|Any CPU
		{A12245C7-5E86-4445-A698-A1D4DD2E5962}.Debug|Any CPU.ActiveCfg = Debug|Any CPU
		{A12245C7-5E86-4445-A698-A1D4DD2E5962}.Debug|Any CPU.Build.0 = Debug|Any CPU
		{A12245C7-5E86-4445-A698-A1D4DD2E5962}.Release|Any CPU.ActiveCfg = Release|Any CPU
		{A12245C7-5E86-4445-A698-A1D4DD2E5962}.Release|Any CPU.Build.0 = Release|Any CPU
		{1DAD9272-DF9D-47A4-B5D3-C5A715D0D93D}.Debug|Any CPU.ActiveCfg = Debug|Any CPU
		{1DAD9272-DF9D-47A4-B5D3-C5A715D0D93D}.Debug|Any CPU.Build.0 = Debug|Any CPU
		{1DAD9272-DF9D-47A4-B5D3-C5A715D0D93D}.Release|Any CPU.ActiveCfg = Release|Any CPU
		{1DAD9272-DF9D-47A4-B5D3-C5A715D0D93D}.Release|Any CPU.Build.0 = Release|Any CPU
		{DE14B3ED-04C9-471D-A277-3E84402F5F3E}.Debug|Any CPU.ActiveCfg = Debug|Any CPU
		{DE14B3ED-04C9-471D-A277-3E84402F5F3E}.Debug|Any CPU.Build.0 = Debug|Any CPU
		{DE14B3ED-04C9-471D-A277-3E84402F5F3E}.Release|Any CPU.ActiveCfg = Release|Any CPU
		{DE14B3ED-04C9-471D-A277-3E84402F5F3E}.Release|Any CPU.Build.0 = Release|Any CPU
		{48E97376-173A-4D12-88F4-3237283298E7}.Debug|Any CPU.ActiveCfg = Debug|Any CPU
		{48E97376-173A-4D12-88F4-3237283298E7}.Debug|Any CPU.Build.0 = Debug|Any CPU
		{48E97376-173A-4D12-88F4-3237283298E7}.Release|Any CPU.ActiveCfg = Release|Any CPU
		{48E97376-173A-4D12-88F4-3237283298E7}.Release|Any CPU.Build.0 = Release|Any CPU
		{CBE84803-FE8A-49D4-9B58-F96BA407341A}.Debug|Any CPU.ActiveCfg = Debug|Any CPU
		{CBE84803-FE8A-49D4-9B58-F96BA407341A}.Debug|Any CPU.Build.0 = Debug|Any CPU
		{CBE84803-FE8A-49D4-9B58-F96BA407341A}.Release|Any CPU.ActiveCfg = Release|Any CPU
		{CBE84803-FE8A-49D4-9B58-F96BA407341A}.Release|Any CPU.Build.0 = Release|Any CPU
		{FBAC0BA2-ED3B-4D22-9862-94770E49963B}.Debug|Any CPU.ActiveCfg = Debug|Any CPU
		{FBAC0BA2-ED3B-4D22-9862-94770E49963B}.Debug|Any CPU.Build.0 = Debug|Any CPU
		{FBAC0BA2-ED3B-4D22-9862-94770E49963B}.Release|Any CPU.ActiveCfg = Release|Any CPU
		{FBAC0BA2-ED3B-4D22-9862-94770E49963B}.Release|Any CPU.Build.0 = Release|Any CPU
		{1202C4E9-D32C-4606-9124-4461E927F9BC}.Debug|Any CPU.ActiveCfg = Debug|Any CPU
		{1202C4E9-D32C-4606-9124-4461E927F9BC}.Debug|Any CPU.Build.0 = Debug|Any CPU
		{1202C4E9-D32C-4606-9124-4461E927F9BC}.Release|Any CPU.ActiveCfg = Release|Any CPU
		{1202C4E9-D32C-4606-9124-4461E927F9BC}.Release|Any CPU.Build.0 = Release|Any CPU
		{DA047EC8-2DD6-47E4-831F-0724E1405CFF}.Debug|Any CPU.ActiveCfg = Debug|Any CPU
		{DA047EC8-2DD6-47E4-831F-0724E1405CFF}.Debug|Any CPU.Build.0 = Debug|Any CPU
		{DA047EC8-2DD6-47E4-831F-0724E1405CFF}.Release|Any CPU.ActiveCfg = Release|Any CPU
		{DA047EC8-2DD6-47E4-831F-0724E1405CFF}.Release|Any CPU.Build.0 = Release|Any CPU
		{4336D0AC-2647-4493-8C4C-31AE67418826}.Debug|Any CPU.ActiveCfg = Debug|Any CPU
		{4336D0AC-2647-4493-8C4C-31AE67418826}.Debug|Any CPU.Build.0 = Debug|Any CPU
		{4336D0AC-2647-4493-8C4C-31AE67418826}.Release|Any CPU.ActiveCfg = Release|Any CPU
		{4336D0AC-2647-4493-8C4C-31AE67418826}.Release|Any CPU.Build.0 = Release|Any CPU
		{8AB5E00E-4F21-4228-9656-6DBE181345A0}.Debug|Any CPU.ActiveCfg = Debug|Any CPU
		{8AB5E00E-4F21-4228-9656-6DBE181345A0}.Debug|Any CPU.Build.0 = Debug|Any CPU
		{8AB5E00E-4F21-4228-9656-6DBE181345A0}.Release|Any CPU.ActiveCfg = Release|Any CPU
		{8AB5E00E-4F21-4228-9656-6DBE181345A0}.Release|Any CPU.Build.0 = Release|Any CPU
		{F019FC44-F352-415F-8B2A-1C9B8E103957}.Debug|Any CPU.ActiveCfg = Debug|Any CPU
		{F019FC44-F352-415F-8B2A-1C9B8E103957}.Debug|Any CPU.Build.0 = Debug|Any CPU
		{F019FC44-F352-415F-8B2A-1C9B8E103957}.Release|Any CPU.ActiveCfg = Release|Any CPU
		{F019FC44-F352-415F-8B2A-1C9B8E103957}.Release|Any CPU.Build.0 = Release|Any CPU
		{10228B3F-8A69-40C8-97BF-8E183FAE83DE}.Debug|Any CPU.ActiveCfg = Debug|Any CPU
		{10228B3F-8A69-40C8-97BF-8E183FAE83DE}.Debug|Any CPU.Build.0 = Debug|Any CPU
		{10228B3F-8A69-40C8-97BF-8E183FAE83DE}.Release|Any CPU.ActiveCfg = Release|Any CPU
		{10228B3F-8A69-40C8-97BF-8E183FAE83DE}.Release|Any CPU.Build.0 = Release|Any CPU
		{EF1E251D-D0A8-4DCA-838A-35834D2B3610}.Debug|Any CPU.ActiveCfg = Debug|Any CPU
		{EF1E251D-D0A8-4DCA-838A-35834D2B3610}.Debug|Any CPU.Build.0 = Debug|Any CPU
		{EF1E251D-D0A8-4DCA-838A-35834D2B3610}.Release|Any CPU.ActiveCfg = Release|Any CPU
		{EF1E251D-D0A8-4DCA-838A-35834D2B3610}.Release|Any CPU.Build.0 = Release|Any CPU
	EndGlobalSection
	GlobalSection(SolutionProperties) = preSolution
		HideSolutionNode = FALSE
	EndGlobalSection
	GlobalSection(NestedProjects) = preSolution
		{A7FF66BC-4200-45AE-B4B7-F62D65E04332} = {1586122D-416F-454B-BBB0-989FB80B9A02}
		{79444F97-E2E7-4B61-ACEE-2B4A19178DC8} = {1586122D-416F-454B-BBB0-989FB80B9A02}
		{1A978D30-0CC6-4E55-B083-253847D17580} = {1586122D-416F-454B-BBB0-989FB80B9A02}
		{04F50FE8-0AAC-452A-A23D-0639D468CA45} = {1586122D-416F-454B-BBB0-989FB80B9A02}
		{DABF80A0-3647-4C7D-8024-8BC783651719} = {1586122D-416F-454B-BBB0-989FB80B9A02}
		{FFE4B2C7-1624-43BC-8E43-95488E4B192D} = {C08C213E-4ACF-4DEB-838B-3AFE5CDD79BE}
		{AA506EAF-A4FC-4D62-9B48-7C23B11B950B} = {C08C213E-4ACF-4DEB-838B-3AFE5CDD79BE}
		{A12245C7-5E86-4445-A698-A1D4DD2E5962} = {C08C213E-4ACF-4DEB-838B-3AFE5CDD79BE}
		{1DAD9272-DF9D-47A4-B5D3-C5A715D0D93D} = {C08C213E-4ACF-4DEB-838B-3AFE5CDD79BE}
		{DE14B3ED-04C9-471D-A277-3E84402F5F3E} = {C08C213E-4ACF-4DEB-838B-3AFE5CDD79BE}
		{48E97376-173A-4D12-88F4-3237283298E7} = {26BDD2BD-C757-4587-91D0-67FC30452491}
		{CBE84803-FE8A-49D4-9B58-F96BA407341A} = {26BDD2BD-C757-4587-91D0-67FC30452491}
		{FBAC0BA2-ED3B-4D22-9862-94770E49963B} = {26BDD2BD-C757-4587-91D0-67FC30452491}
		{1202C4E9-D32C-4606-9124-4461E927F9BC} = {26BDD2BD-C757-4587-91D0-67FC30452491}
		{DA047EC8-2DD6-47E4-831F-0724E1405CFF} = {39C462E3-34C2-4989-9251-EE8FBC1CCB8B}
		{4336D0AC-2647-4493-8C4C-31AE67418826} = {39C462E3-34C2-4989-9251-EE8FBC1CCB8B}
		{8AB5E00E-4F21-4228-9656-6DBE181345A0} = {39C462E3-34C2-4989-9251-EE8FBC1CCB8B}
		{F019FC44-F352-415F-8B2A-1C9B8E103957} = {39C462E3-34C2-4989-9251-EE8FBC1CCB8B}
		{10228B3F-8A69-40C8-97BF-8E183FAE83DE} = {BE1FAA5A-366C-4581-B0E5-0D5D6EA7A15A}
	EndGlobalSection
	GlobalSection(ExtensibilityGlobals) = postSolution
		SolutionGuid = {AC4D5D27-C7C5-429A-A70B-8BB700C4376C}
	EndGlobalSection
EndGlobal
